
Microsoft Visual Studio Solution File, Format Version 12.00
# Visual Studio Version 17
VisualStudioVersion = 17.3.32825.248
MinimumVisualStudioVersion = 10.0.40219.1
Project("{FAE04EC0-301F-11D3-BF4B-00C04F79EFBC}") = "DNT_Strings_Assignment", "DNT_Strings_Assignment\DNT_Strings_Assignment.csproj", "{C2FD03D1-3AC9-49E7-9921-4A3B818E3D88}"
EndProject
Global
	GlobalSection(SolutionConfigurationPlatforms) = preSolution
		Debug|Any CPU = Debug|Any CPU
		Release|Any CPU = Release|Any CPU
	EndGlobalSection
	GlobalSection(ProjectConfigurationPlatforms) = postSolution
		{C2FD03D1-3AC9-49E7-9921-4A3B818E3D88}.Debug|Any CPU.ActiveCfg = Debug|Any CPU
		{C2FD03D1-3AC9-49E7-9921-4A3B818E3D88}.Debug|Any CPU.Build.0 = Debug|Any CPU
		{C2FD03D1-3AC9-49E7-9921-4A3B818E3D88}.Release|Any CPU.ActiveCfg = Release|Any CPU
		{C2FD03D1-3AC9-49E7-9921-4A3B818E3D88}.Release|Any CPU.Build.0 = Release|Any CPU
	EndGlobalSection
	GlobalSection(SolutionProperties) = preSolution
		HideSolutionNode = FALSE
	EndGlobalSection
	GlobalSection(ExtensibilityGlobals) = postSolution
		SolutionGuid = {14B83ED9-F3FF-4019-834B-9D98E943249A}
	EndGlobalSection
EndGlobal
